Microsoft Visual Studio Solution File, Format Version 8.00
Project("{FAE04EC0-301F-11D3-BF4B-00C04F79EFBC}") = "Obsidian", "Obsidian.csproj", "{A8B07353-6625-42C7-AD8C-2072E8DC95E0}"
	ProjectSection(ProjectDependencies) = postProject
	EndProjectSection
EndProject
Global
	GlobalSection(SolutionConfiguration) = preSolution
		Debug = Debug
		Release = Release
	EndGlobalSection
	GlobalSection(ProjectConfiguration) = postSolution
		{A8B07353-6625-42C7-AD8C-2072E8DC95E0}.Debug.ActiveCfg = Debug|.NET
		{A8B07353-6625-42C7-AD8C-2072E8DC95E0}.Debug.Build.0 = Debug|.NET
		{A8B07353-6625-42C7-AD8C-2072E8DC95E0}.Release.ActiveCfg = Release|.NET
		{A8B07353-6625-42C7-AD8C-2072E8DC95E0}.Release.Build.0 = Release|.NET
	EndGlobalSection
	GlobalSection(ExtensibilityGlobals) = postSolution
	EndGlobalSection
	GlobalSection(ExtensibilityAddIns) = postSolution
	EndGlobalSection
EndGlobal
